{
  "requires": true,
  "lockfileVersion": 1,
  "dependencies": {
    "echarts": {
      "version": "5.2.0",
      "resolved": "https://registry.npmjs.org/echarts/-/echarts-5.2.0.tgz",
      "integrity": "sha512-7CrCKGRjFdpLIJ/Yt1gpHeqs5PiCem2GHPdWZPwKl7WSYeZu0Qzm1bcCFe9/b4dfVaL1zlY4JmdzaVwKksVeqg==",
      "requires": {
        "tslib": "2.3.0",
        "zrender": "5.2.0"
      }
    },
    "tslib": {
      "version": "2.3.0",
      "resolved": "https://registry.npmjs.org/tslib/-/tslib-2.3.0.tgz",
      "integrity": "sha512-N82ooyxVNm6h1riLCoyS9e3fuJ3AMG2zIZs2Gd1ATcSFjSA23Q0fzjjZeh0jbJvWVDZ0cJT8yaNNaaXHzueNjg=="
    },
    "zrender": {
      "version": "5.2.0",
      "resolved": "https://registry.npmjs.org/zrender/-/zrender-5.2.0.tgz",
      "integrity": "sha512-87v3gvB0lcWy48ObA/DwrhQ95ADMMRhECVrXmHDFCBNvbxHFfEDZtrZh4VmVjLAeFAjimY4PyZ65rbLCivdszA==",
      "requires": {
        "tslib": "2.3.0"
      }
    }
  }
}
